
Microsoft Visual Studio Solution File, Format Version 12.00
# Visual Studio Version 17
VisualStudioVersion = 17.5.002.0
MinimumVisualStudioVersion = 10.0.40219.1
Project("{9A19103F-16F7-4668-BE54-9A1E7A4F7556}") = "BlobScanFunctionApp", "BlobScanFunctionApp\BlobScanFunctionApp.csproj", "{E66B6B69-DDB1-48C3-BF21-C217E4575D05}"
EndProject
Global
	GlobalSection(SolutionConfigurationPlatforms) = preSolution
		Debug|Any CPU = Debug|Any CPU
		Release|Any CPU = Release|Any CPU
	EndGlobalSection
	GlobalSection(ProjectConfigurationPlatforms) = postSolution
		{E66B6B69-DDB1-48C3-BF21-C217E4575D05}.Debug|Any CPU.ActiveCfg = Debug|Any CPU
		{E66B6B69-DDB1-48C3-BF21-C217E4575D05}.Debug|Any CPU.Build.0 = Debug|Any CPU
		{E66B6B69-DDB1-48C3-BF21-C217E4575D05}.Release|Any CPU.ActiveCfg = Release|Any CPU
		{E66B6B69-DDB1-48C3-BF21-C217E4575D05}.Release|Any CPU.Build.0 = Release|Any CPU
	EndGlobalSection
	GlobalSection(SolutionProperties) = preSolution
		HideSolutionNode = FALSE
	EndGlobalSection
	GlobalSection(ExtensibilityGlobals) = postSolution
		SolutionGuid = {3A904C2A-FDB5-45DB-8252-B6C75D5EE722}
	EndGlobalSection
EndGlobal
